
Microsoft Visual Studio Solution File, Format Version 12.00
# Visual Studio Version 17
VisualStudioVersion = 17.2.32630.192
MinimumVisualStudioVersion = 10.0.40219.1
Project("{FAE04EC0-301F-11D3-BF4B-00C04F79EFBC}") = "laba3 zavd3", "laba3 zavd3.csproj", "{31D941D2-DD17-4AA6-8D2C-32E0952D9CD3}"
EndProject
Global
	GlobalSection(SolutionConfigurationPlatforms) = preSolution
		Debug|Any CPU = Debug|Any CPU
		Release|Any CPU = Release|Any CPU
	EndGlobalSection
	GlobalSection(ProjectConfigurationPlatforms) = postSolution
		{31D941D2-DD17-4AA6-8D2C-32E0952D9CD3}.Debug|Any CPU.ActiveCfg = Debug|Any CPU
		{31D941D2-DD17-4AA6-8D2C-32E0952D9CD3}.Debug|Any CPU.Build.0 = Debug|Any CPU
		{31D941D2-DD17-4AA6-8D2C-32E0952D9CD3}.Release|Any CPU.ActiveCfg = Release|Any CPU
		{31D941D2-DD17-4AA6-8D2C-32E0952D9CD3}.Release|Any CPU.Build.0 = Release|Any CPU
	EndGlobalSection
	GlobalSection(SolutionProperties) = preSolution
		HideSolutionNode = FALSE
	EndGlobalSection
	GlobalSection(ExtensibilityGlobals) = postSolution
		SolutionGuid = {AB4CFAEA-079F-46CF-9656-A86F9683EE04}
	EndGlobalSection
EndGlobal
